
Microsoft Visual Studio Solution File, Format Version 12.00
# Visual Studio Version 16
VisualStudioVersion = 16.0.28803.352
MinimumVisualStudioVersion = 10.0.40219.1
Project("{F184B08F-C81C-45F6-A57F-5ABD9991F28F}") = "Memory Game", "Memory Game\Memory Game.vbproj", "{646C4C6C-80B8-41D6-9CAF-35DA10397756}"
EndProject
Global
	GlobalSection(SolutionConfigurationPlatforms) = preSolution
		Debug|Any CPU = Debug|Any CPU
		Release|Any CPU = Release|Any CPU
	EndGlobalSection
	GlobalSection(ProjectConfigurationPlatforms) = postSolution
		{646C4C6C-80B8-41D6-9CAF-35DA10397756}.Debug|Any CPU.ActiveCfg = Debug|Any CPU
		{646C4C6C-80B8-41D6-9CAF-35DA10397756}.Debug|Any CPU.Build.0 = Debug|Any CPU
		{646C4C6C-80B8-41D6-9CAF-35DA10397756}.Release|Any CPU.ActiveCfg = Release|Any CPU
		{646C4C6C-80B8-41D6-9CAF-35DA10397756}.Release|Any CPU.Build.0 = Release|Any CPU
	EndGlobalSection
	GlobalSection(SolutionProperties) = preSolution
		HideSolutionNode = FALSE
	EndGlobalSection
	GlobalSection(ExtensibilityGlobals) = postSolution
		SolutionGuid = {CEAB1354-6619-49FD-9EF9-652ADEFEAEBB}
	EndGlobalSection
EndGlobal
